
Microsoft Visual Studio Solution File, Format Version 12.00
# Visual Studio Version 17
VisualStudioVersion = 17.4.33205.214
MinimumVisualStudioVersion = 10.0.40219.1
Project("{FAE04EC0-301F-11D3-BF4B-00C04F79EFBC}") = "Stores.Shared", "Stores.Shared\Stores.Shared.csproj", "{04E99A7E-87B6-4B4E-AF9C-9657C9E529FD}"
EndProject
Project("{FAE04EC0-301F-11D3-BF4B-00C04F79EFBC}") = "Stores.API", "Stores.API\Stores.API.csproj", "{CAFF5909-84A1-46DF-9F47-B328D27F2BF1}"
EndProject
Project("{FAE04EC0-301F-11D3-BF4B-00C04F79EFBC}") = "Stores.WEB", "Stores.WEB\Stores.WEB.csproj", "{5E813727-0E65-4BF6-8077-34A6531B143C}"
EndProject
Global
	GlobalSection(SolutionConfigurationPlatforms) = preSolution
		Debug|Any CPU = Debug|Any CPU
		Release|Any CPU = Release|Any CPU
	EndGlobalSection
	GlobalSection(ProjectConfigurationPlatforms) = postSolution
		{04E99A7E-87B6-4B4E-AF9C-9657C9E529FD}.Debug|Any CPU.ActiveCfg = Debug|Any CPU
		{04E99A7E-87B6-4B4E-AF9C-9657C9E529FD}.Debug|Any CPU.Build.0 = Debug|Any CPU
		{04E99A7E-87B6-4B4E-AF9C-9657C9E529FD}.Release|Any CPU.ActiveCfg = Release|Any CPU
		{04E99A7E-87B6-4B4E-AF9C-9657C9E529FD}.Release|Any CPU.Build.0 = Release|Any CPU
		{CAFF5909-84A1-46DF-9F47-B328D27F2BF1}.Debug|Any CPU.ActiveCfg = Debug|Any CPU
		{CAFF5909-84A1-46DF-9F47-B328D27F2BF1}.Debug|Any CPU.Build.0 = Debug|Any CPU
		{CAFF5909-84A1-46DF-9F47-B328D27F2BF1}.Release|Any CPU.ActiveCfg = Release|Any CPU
		{CAFF5909-84A1-46DF-9F47-B328D27F2BF1}.Release|Any CPU.Build.0 = Release|Any CPU
		{5E813727-0E65-4BF6-8077-34A6531B143C}.Debug|Any CPU.ActiveCfg = Debug|Any CPU
		{5E813727-0E65-4BF6-8077-34A6531B143C}.Debug|Any CPU.Build.0 = Debug|Any CPU
		{5E813727-0E65-4BF6-8077-34A6531B143C}.Release|Any CPU.ActiveCfg = Release|Any CPU
		{5E813727-0E65-4BF6-8077-34A6531B143C}.Release|Any CPU.Build.0 = Release|Any CPU
	EndGlobalSection
	GlobalSection(SolutionProperties) = preSolution
		HideSolutionNode = FALSE
	EndGlobalSection
	GlobalSection(ExtensibilityGlobals) = postSolution
		SolutionGuid = {E663BF47-1C7C-493E-A464-C3D35CFCF416}
	EndGlobalSection
EndGlobal
